# THIS IS AN AUTOGENERATED FILE. DO NOT EDIT THIS FILE DIRECTLY.
# yarn lockfile v1


"@axetroy/react-download@^1.1.1":
  version "1.1.1"
  resolved "https://registry.yarnpkg.com/@axetroy/react-download/-/react-download-1.1.1.tgz#7203cbb23a6e9d5f01a9787aae13c2229598c289"
  integrity sha512-fbzQxO5VIwbPF1EzPHJNaXU5Vcf49QUBG6ijVmmOU+UqzcZJgcSTLhJqDOF7ydSYt15Tg6UbpId7YoeVbC6oYg==
